
Microsoft Visual Studio Solution File, Format Version 12.00
# Visual Studio 15
VisualStudioVersion = 15.0.27130.2036
MinimumVisualStudioVersion = 10.0.40219.1
Project("{9A19103F-16F7-4668-BE54-9A1E7A4F7556}") = "PP3", "PP3\PP3.csproj", "{3A5F88A8-58E9-47E3-8F42-354C344CED07}"
EndProject
Project("{FAE04EC0-301F-11D3-BF4B-00C04F79EFBC}") = "Messages", "Messages\Messages.csproj", "{823C6C91-0613-403F-AD05-32328013436E}"
EndProject
Global
	GlobalSection(SolutionConfigurationPlatforms) = preSolution
		Debug|Any CPU = Debug|Any CPU
		Release|Any CPU = Release|Any CPU
	EndGlobalSection
	GlobalSection(ProjectConfigurationPlatforms) = postSolution
		{3A5F88A8-58E9-47E3-8F42-354C344CED07}.Debug|Any CPU.ActiveCfg = Debug|Any CPU
		{3A5F88A8-58E9-47E3-8F42-354C344CED07}.Debug|Any CPU.Build.0 = Debug|Any CPU
		{3A5F88A8-58E9-47E3-8F42-354C344CED07}.Release|Any CPU.ActiveCfg = Release|Any CPU
		{3A5F88A8-58E9-47E3-8F42-354C344CED07}.Release|Any CPU.Build.0 = Release|Any CPU
		{823C6C91-0613-403F-AD05-32328013436E}.Debug|Any CPU.ActiveCfg = Debug|Any CPU
		{823C6C91-0613-403F-AD05-32328013436E}.Debug|Any CPU.Build.0 = Debug|Any CPU
		{823C6C91-0613-403F-AD05-32328013436E}.Release|Any CPU.ActiveCfg = Release|Any CPU
		{823C6C91-0613-403F-AD05-32328013436E}.Release|Any CPU.Build.0 = Release|Any CPU
	EndGlobalSection
	GlobalSection(SolutionProperties) = preSolution
		HideSolutionNode = FALSE
	EndGlobalSection
	GlobalSection(ExtensibilityGlobals) = postSolution
		SolutionGuid = {F080351F-E137-46F4-B2BB-26E6B8DC7B05}
	EndGlobalSection
EndGlobal
